
Microsoft Visual Studio Solution File, Format Version 12.00
# Visual Studio 14
VisualStudioVersion = 14.0.25420.1
MinimumVisualStudioVersion = 10.0.40219.1
Project("{FAE04EC0-301F-11D3-BF4B-00C04F79EFBC}") = "SmartBandAlertV6.Android", "SmartBandAlertV6\SmartBandAlertV6.Android\SmartBandAlertV6.Android.csproj", "{862C4C32-C2E4-4584-85E5-A2A364F212DD}"
EndProject
Project("{FAE04EC0-301F-11D3-BF4B-00C04F79EFBC}") = "SmartBandAlertV6", "SmartBandAlertV6\SmartBandAlertV6\SmartBandAlertV6.csproj", "{5E7C75EB-BD65-468C-9D0D-11C0749C0DB7}"
EndProject
Project("{FAE04EC0-301F-11D3-BF4B-00C04F79EFBC}") = "SmartBandAlertV6.iOS", "SmartBandAlertV6\SmartBandAlertV6.iOS\SmartBandAlertV6.iOS.csproj", "{6CBBD904-3D7C-4F6D-92E3-C55D20310420}"
EndProject
Project("{FAE04EC0-301F-11D3-BF4B-00C04F79EFBC}") = "Backendt1", "Backendt1\Backendt1.csproj", "{F213B089-F034-4D2C-A1A8-78B388669159}"
EndProject
Global
	GlobalSection(SolutionConfigurationPlatforms) = preSolution
		Ad-Hoc|Any CPU = Ad-Hoc|Any CPU
		Ad-Hoc|iPhone = Ad-Hoc|iPhone
		Ad-Hoc|iPhoneSimulator = Ad-Hoc|iPhoneSimulator
		AppStore|Any CPU = AppStore|Any CPU
		AppStore|iPhone = AppStore|iPhone
		AppStore|iPhoneSimulator = AppStore|iPhoneSimulator
		Debug|Any CPU = Debug|Any CPU
		Debug|iPhone = Debug|iPhone
		Debug|iPhoneSimulator = Debug|iPhoneSimulator
		Release|Any CPU = Release|Any CPU
		Release|iPhone = Release|iPhone
		Release|iPhoneSimulator = Release|iPhoneSimulator
	EndGlobalSection
	GlobalSection(ProjectConfigurationPlatforms) = postSolution
		{862C4C32-C2E4-4584-85E5-A2A364F212DD}.Ad-Hoc|Any CPU.ActiveCfg = Release|Any CPU
		{862C4C32-C2E4-4584-85E5-A2A364F212DD}.Ad-Hoc|Any CPU.Build.0 = Release|Any CPU
		{862C4C32-C2E4-4584-85E5-A2A364F212DD}.Ad-Hoc|Any CPU.Deploy.0 = Release|Any CPU
		{862C4C32-C2E4-4584-85E5-A2A364F212DD}.Ad-Hoc|iPhone.ActiveCfg = Release|Any CPU
		{862C4C32-C2E4-4584-85E5-A2A364F212DD}.Ad-Hoc|iPhone.Build.0 = Release|Any CPU
		{862C4C32-C2E4-4584-85E5-A2A364F212DD}.Ad-Hoc|iPhone.Deploy.0 = Release|Any CPU
		{862C4C32-C2E4-4584-85E5-A2A364F212DD}.Ad-Hoc|iPhoneSimulator.ActiveCfg = Release|Any CPU
		{862C4C32-C2E4-4584-85E5-A2A364F212DD}.Ad-Hoc|iPhoneSimulator.Build.0 = Release|Any CPU
		{862C4C32-C2E4-4584-85E5-A2A364F212DD}.Ad-Hoc|iPhoneSimulator.Deploy.0 = Release|Any CPU
		{862C4C32-C2E4-4584-85E5-A2A364F212DD}.AppStore|Any CPU.ActiveCfg = Release|Any CPU
		{862C4C32-C2E4-4584-85E5-A2A364F212DD}.AppStore|Any CPU.Build.0 = Release|Any CPU
		{862C4C32-C2E4-4584-85E5-A2A364F212DD}.AppStore|Any CPU.Deploy.0 = Release|Any CPU
		{862C4C32-C2E4-4584-85E5-A2A364F212DD}.AppStore|iPhone.ActiveCfg = Release|Any CPU
		{862C4C32-C2E4-4584-85E5-A2A364F212DD}.AppStore|iPhone.Build.0 = Release|Any CPU
		{862C4C32-C2E4-4584-85E5-A2A364F212DD}.AppStore|iPhone.Deploy.0 = Release|Any CPU
		{862C4C32-C2E4-4584-85E5-A2A364F212DD}.AppStore|iPhoneSimulator.ActiveCfg = Release|Any CPU
		{862C4C32-C2E4-4584-85E5-A2A364F212DD}.AppStore|iPhoneSimulator.Build.0 = Release|Any CPU
		{862C4C32-C2E4-4584-85E5-A2A364F212DD}.AppStore|iPhoneSimulator.Deploy.0 = Release|Any CPU
		{862C4C32-C2E4-4584-85E5-A2A364F212DD}.Debug|Any CPU.ActiveCfg = Debug|Any CPU
		{862C4C32-C2E4-4584-85E5-A2A364F212DD}.Debug|Any CPU.Build.0 = Debug|Any CPU
		{862C4C32-C2E4-4584-85E5-A2A364F212DD}.Debug|Any CPU.Deploy.0 = Debug|Any CPU
		{862C4C32-C2E4-4584-85E5-A2A364F212DD}.Debug|iPhone.ActiveCfg = Debug|Any CPU
		{862C4C32-C2E4-4584-85E5-A2A364F212DD}.Debug|iPhone.Build.0 = Debug|Any CPU
		{862C4C32-C2E4-4584-85E5-A2A364F212DD}.Debug|iPhone.Deploy.0 = Debug|Any CPU
		{862C4C32-C2E4-4584-85E5-A2A364F212DD}.Debug|iPhoneSimulator.ActiveCfg = Debug|Any CPU
		{862C4C32-C2E4-4584-85E5-A2A364F212DD}.Debug|iPhoneSimulator.Build.0 = Debug|Any CPU
		{862C4C32-C2E4-4584-85E5-A2A364F212DD}.Debug|iPhoneSimulator.Deploy.0 = Debug|Any CPU
		{862C4C32-C2E4-4584-85E5-A2A364F212DD}.Release|Any CPU.ActiveCfg = Release|Any CPU
		{862C4C32-C2E4-4584-85E5-A2A364F212DD}.Release|Any CPU.Build.0 = Release|Any CPU
		{862C4C32-C2E4-4584-85E5-A2A364F212DD}.Release|Any CPU.Deploy.0 = Release|Any CPU
		{862C4C32-C2E4-4584-85E5-A2A364F212DD}.Release|iPhone.ActiveCfg = Release|Any CPU
		{862C4C32-C2E4-4584-85E5-A2A364F212DD}.Release|iPhone.Build.0 = Release|Any CPU
		{862C4C32-C2E4-4584-85E5-A2A364F212DD}.Release|iPhone.Deploy.0 = Release|Any CPU
		{862C4C32-C2E4-4584-85E5-A2A364F212DD}.Release|iPhoneSimulator.ActiveCfg = Release|Any CPU
		{862C4C32-C2E4-4584-85E5-A2A364F212DD}.Release|iPhoneSimulator.Build.0 = Release|Any CPU
		{862C4C32-C2E4-4584-85E5-A2A364F212DD}.Release|iPhoneSimulator.Deploy.0 = Release|Any CPU
		{5E7C75EB-BD65-468C-9D0D-11C0749C0DB7}.Ad-Hoc|Any CPU.ActiveCfg = Release|Any CPU
		{5E7C75EB-BD65-468C-9D0D-11C0749C0DB7}.Ad-Hoc|Any CPU.Build.0 = Release|Any CPU
		{5E7C75EB-BD65-468C-9D0D-11C0749C0DB7}.Ad-Hoc|iPhone.ActiveCfg = Release|Any CPU
		{5E7C75EB-BD65-468C-9D0D-11C0749C0DB7}.Ad-Hoc|iPhone.Build.0 = Release|Any CPU
		{5E7C75EB-BD65-468C-9D0D-11C0749C0DB7}.Ad-Hoc|iPhoneSimulator.ActiveCfg = Release|Any CPU
		{5E7C75EB-BD65-468C-9D0D-11C0749C0DB7}.Ad-Hoc|iPhoneSimulator.Build.0 = Release|Any CPU
		{5E7C75EB-BD65-468C-9D0D-11C0749C0DB7}.AppStore|Any CPU.ActiveCfg = Release|Any CPU
		{5E7C75EB-BD65-468C-9D0D-11C0749C0DB7}.AppStore|Any CPU.Build.0 = Release|Any CPU
		{5E7C75EB-BD65-468C-9D0D-11C0749C0DB7}.AppStore|iPhone.ActiveCfg = Release|Any CPU
		{5E7C75EB-BD65-468C-9D0D-11C0749C0DB7}.AppStore|iPhone.Build.0 = Release|Any CPU
		{5E7C75EB-BD65-468C-9D0D-11C0749C0DB7}.AppStore|iPhoneSimulator.ActiveCfg = Release|Any CPU
		{5E7C75EB-BD65-468C-9D0D-11C0749C0DB7}.AppStore|iPhoneSimulator.Build.0 = Release|Any CPU
		{5E7C75EB-BD65-468C-9D0D-11C0749C0DB7}.Debug|Any CPU.ActiveCfg = Debug|Any CPU
		{5E7C75EB-BD65-468C-9D0D-11C0749C0DB7}.Debug|Any CPU.Build.0 = Debug|Any CPU
		{5E7C75EB-BD65-468C-9D0D-11C0749C0DB7}.Debug|iPhone.ActiveCfg = Debug|Any CPU
		{5E7C75EB-BD65-468C-9D0D-11C0749C0DB7}.Debug|iPhone.Build.0 = Debug|Any CPU
		{5E7C75EB-BD65-468C-9D0D-11C0749C0DB7}.Debug|iPhoneSimulator.ActiveCfg = Debug|Any CPU
		{5E7C75EB-BD65-468C-9D0D-11C0749C0DB7}.Debug|iPhoneSimulator.Build.0 = Debug|Any CPU
		{5E7C75EB-BD65-468C-9D0D-11C0749C0DB7}.Release|Any CPU.ActiveCfg = Release|Any CPU
		{5E7C75EB-BD65-468C-9D0D-11C0749C0DB7}.Release|Any CPU.Build.0 = Release|Any CPU
		{5E7C75EB-BD65-468C-9D0D-11C0749C0DB7}.Release|iPhone.ActiveCfg = Release|Any CPU
		{5E7C75EB-BD65-468C-9D0D-11C0749C0DB7}.Release|iPhone.Build.0 = Release|Any CPU
		{5E7C75EB-BD65-468C-9D0D-11C0749C0DB7}.Release|iPhoneSimulator.ActiveCfg = Release|Any CPU
		{5E7C75EB-BD65-468C-9D0D-11C0749C0DB7}.Release|iPhoneSimulator.Build.0 = Release|Any CPU
		{6CBBD904-3D7C-4F6D-92E3-C55D20310420}.Ad-Hoc|Any CPU.ActiveCfg = Ad-Hoc|iPhone
		{6CBBD904-3D7C-4F6D-92E3-C55D20310420}.Ad-Hoc|iPhone.ActiveCfg = Ad-Hoc|iPhone
		{6CBBD904-3D7C-4F6D-92E3-C55D20310420}.Ad-Hoc|iPhone.Build.0 = Ad-Hoc|iPhone
		{6CBBD904-3D7C-4F6D-92E3-C55D20310420}.Ad-Hoc|iPhoneSimulator.ActiveCfg = Ad-Hoc|iPhoneSimulator
		{6CBBD904-3D7C-4F6D-92E3-C55D20310420}.Ad-Hoc|iPhoneSimulator.Build.0 = Ad-Hoc|iPhoneSimulator
		{6CBBD904-3D7C-4F6D-92E3-C55D20310420}.AppStore|Any CPU.ActiveCfg = AppStore|iPhone
		{6CBBD904-3D7C-4F6D-92E3-C55D20310420}.AppStore|iPhone.ActiveCfg = AppStore|iPhone
		{6CBBD904-3D7C-4F6D-92E3-C55D20310420}.AppStore|iPhone.Build.0 = AppStore|iPhone
		{6CBBD904-3D7C-4F6D-92E3-C55D20310420}.AppStore|iPhoneSimulator.ActiveCfg = AppStore|iPhoneSimulator
		{6CBBD904-3D7C-4F6D-92E3-C55D20310420}.AppStore|iPhoneSimulator.Build.0 = AppStore|iPhoneSimulator
		{6CBBD904-3D7C-4F6D-92E3-C55D20310420}.Debug|Any CPU.ActiveCfg = Debug|iPhone
		{6CBBD904-3D7C-4F6D-92E3-C55D20310420}.Debug|iPhone.ActiveCfg = Debug|iPhone
		{6CBBD904-3D7C-4F6D-92E3-C55D20310420}.Debug|iPhone.Build.0 = Debug|iPhone
		{6CBBD904-3D7C-4F6D-92E3-C55D20310420}.Debug|iPhoneSimulator.ActiveCfg = Debug|iPhoneSimulator
		{6CBBD904-3D7C-4F6D-92E3-C55D20310420}.Debug|iPhoneSimulator.Build.0 = Debug|iPhoneSimulator
		{6CBBD904-3D7C-4F6D-92E3-C55D20310420}.Release|Any CPU.ActiveCfg = Release|iPhone
		{6CBBD904-3D7C-4F6D-92E3-C55D20310420}.Release|iPhone.ActiveCfg = Release|iPhone
		{6CBBD904-3D7C-4F6D-92E3-C55D20310420}.Release|iPhone.Build.0 = Release|iPhone
		{6CBBD904-3D7C-4F6D-92E3-C55D20310420}.Release|iPhoneSimulator.ActiveCfg = Release|iPhoneSimulator
		{6CBBD904-3D7C-4F6D-92E3-C55D20310420}.Release|iPhoneSimulator.Build.0 = Release|iPhoneSimulator
		{F213B089-F034-4D2C-A1A8-78B388669159}.Ad-Hoc|Any CPU.ActiveCfg = Release|Any CPU
		{F213B089-F034-4D2C-A1A8-78B388669159}.Ad-Hoc|Any CPU.Build.0 = Release|Any CPU
		{F213B089-F034-4D2C-A1A8-78B388669159}.Ad-Hoc|iPhone.ActiveCfg = Release|Any CPU
		{F213B089-F034-4D2C-A1A8-78B388669159}.Ad-Hoc|iPhone.Build.0 = Release|Any CPU
		{F213B089-F034-4D2C-A1A8-78B388669159}.Ad-Hoc|iPhoneSimulator.ActiveCfg = Release|Any CPU
		{F213B089-F034-4D2C-A1A8-78B388669159}.Ad-Hoc|iPhoneSimulator.Build.0 = Release|Any CPU
		{F213B089-F034-4D2C-A1A8-78B388669159}.AppStore|Any CPU.ActiveCfg = Release|Any CPU
		{F213B089-F034-4D2C-A1A8-78B388669159}.AppStore|Any CPU.Build.0 = Release|Any CPU
		{F213B089-F034-4D2C-A1A8-78B388669159}.AppStore|iPhone.ActiveCfg = Release|Any CPU
		{F213B089-F034-4D2C-A1A8-78B388669159}.AppStore|iPhone.Build.0 = Release|Any CPU
		{F213B089-F034-4D2C-A1A8-78B388669159}.AppStore|iPhoneSimulator.ActiveCfg = Release|Any CPU
		{F213B089-F034-4D2C-A1A8-78B388669159}.AppStore|iPhoneSimulator.Build.0 = Release|Any CPU
		{F213B089-F034-4D2C-A1A8-78B388669159}.Debug|Any CPU.ActiveCfg = Debug|Any CPU
		{F213B089-F034-4D2C-A1A8-78B388669159}.Debug|Any CPU.Build.0 = Debug|Any CPU
		{F213B089-F034-4D2C-A1A8-78B388669159}.Debug|iPhone.ActiveCfg = Debug|Any CPU
		{F213B089-F034-4D2C-A1A8-78B388669159}.Debug|iPhone.Build.0 = Debug|Any CPU
		{F213B089-F034-4D2C-A1A8-78B388669159}.Debug|iPhoneSimulator.ActiveCfg = Debug|Any CPU
		{F213B089-F034-4D2C-A1A8-78B388669159}.Debug|iPhoneSimulator.Build.0 = Debug|Any CPU
		{F213B089-F034-4D2C-A1A8-78B388669159}.Release|Any CPU.ActiveCfg = Release|Any CPU
		{F213B089-F034-4D2C-A1A8-78B388669159}.Release|Any CPU.Build.0 = Release|Any CPU
		{F213B089-F034-4D2C-A1A8-78B388669159}.Release|iPhone.ActiveCfg = Release|Any CPU
		{F213B089-F034-4D2C-A1A8-78B388669159}.Release|iPhone.Build.0 = Release|Any CPU
		{F213B089-F034-4D2C-A1A8-78B388669159}.Release|iPhoneSimulator.ActiveCfg = Release|Any CPU
		{F213B089-F034-4D2C-A1A8-78B388669159}.Release|iPhoneSimulator.Build.0 = Release|Any CPU
	EndGlobalSection
	GlobalSection(SolutionProperties) = preSolution
		HideSolutionNode = FALSE
	EndGlobalSection
EndGlobal
